{
  "name": "foreman",
  "version": "0.0.14",
  "dependencies": {
    "colors": {
      "version": "0.6.0-1"
    },
    "commander": {
      "version": "1.1.1",
      "dependencies": {
        "keypress": {
          "version": "0.1.0"
        }
      }
    },
    "mu2": {
      "version": "0.5.17"
    },
    "http-proxy": {
      "version": "0.8.5",
      "dependencies": {
        "optimist": {
          "version": "0.3.5",
          "dependencies": {
            "wordwrap": {
              "version": "0.0.2"
            }
          }
        },
        "pkginfo": {
          "version": "0.2.3"
        }
      }
    }
  }
}
